
Microsoft Visual Studio Solution File, Format Version 12.00
# Visual Studio Version 17
VisualStudioVersion = 17.2.32317.152
MinimumVisualStudioVersion = 10.0.40219.1
Project("{9A19103F-16F7-4668-BE54-9A1E7A4F7556}") = "RegexFileSorter", "RegexFileSorter\RegexFileSorter.csproj", "{9430F1E0-91A1-465D-A006-1F2EB0FE06AB}"
EndProject
Global
	GlobalSection(SolutionConfigurationPlatforms) = preSolution
		Debug|Any CPU = Debug|Any CPU
		Release|Any CPU = Release|Any CPU
	EndGlobalSection
	GlobalSection(ProjectConfigurationPlatforms) = postSolution
		{9430F1E0-91A1-465D-A006-1F2EB0FE06AB}.Debug|Any CPU.ActiveCfg = Debug|Any CPU
		{9430F1E0-91A1-465D-A006-1F2EB0FE06AB}.Debug|Any CPU.Build.0 = Debug|Any CPU
		{9430F1E0-91A1-465D-A006-1F2EB0FE06AB}.Release|Any CPU.ActiveCfg = Release|Any CPU
		{9430F1E0-91A1-465D-A006-1F2EB0FE06AB}.Release|Any CPU.Build.0 = Release|Any CPU
	EndGlobalSection
	GlobalSection(SolutionProperties) = preSolution
		HideSolutionNode = FALSE
	EndGlobalSection
	GlobalSection(ExtensibilityGlobals) = postSolution
		SolutionGuid = {8F39F164-46B1-4B94-801D-334FD64043BB}
	EndGlobalSection
EndGlobal
