{
  "version": 1,
  "dependencies": {
    "net6.0-windows7.0": {
      "Microsoft-WindowsAPICodePack-Core": {
        "type": "Direct",
        "requested": "[1.1.4, )",
        "resolved": "1.1.4",
        "contentHash": "gsEStalyKPTR5/HKyAHYvIoDZTGUTUgIBS1eeGvkjWgDYB7f5aSBFAAJfxhhDsOGDjLs6O0uzw1H0EWYWZGDmg=="
      },
      "Microsoft-WindowsAPICodePack-Shell": {
        "type": "Direct",
        "requested": "[1.1.4, )",
        "resolved": "1.1.4",
        "contentHash": "EtoEx9Fx3ZGW//sni9TB1vuBvzXIlyG8E2KNaX7bqV240aiU8RP+NmDHd1ox0YKbJDMxq7AWSI2jPhpLMYXKyw==",
        "dependencies": {
          "Microsoft-WindowsAPICodePack-Core": "1.1.4"
        }
      },
      "Newtonsoft.Json": {
        "type": "Direct",
        "requested": "[13.0.3, )",
        "resolved": "13.0.3",
        "contentHash": "HrC5BXdl00IP9zeV+0Z848QWPAoCr9P3bDEZguI+gkLcBKAOxix/tLEAAHC+UvDNPv4a2d18lOReHMOagPa+zQ=="
      },
      "regexfilesorter": {
        "type": "Project",
        "dependencies": {
          "Newtonsoft.Json": "[13.0.3, )"
        }
      }
    },
    "net6.0-windows7.0/win-x64": {},
    "net6.0-windows7.0/win-x86": {}
  }
}