{
  "version": 1,
  "dependencies": {
    "net6.0-windows7.0": {
      "Microsoft-WindowsAPICodePack-Core": {
        "type": "Direct",
        "requested": "[1.1.4, )",
        "resolved": "1.1.4",
        "contentHash": "gsEStalyKPTR5/HKyAHYvIoDZTGUTUgIBS1eeGvkjWgDYB7f5aSBFAAJfxhhDsOGDjLs6O0uzw1H0EWYWZGDmg=="
      },
      "Microsoft-WindowsAPICodePack-Shell": {
        "type": "Direct",
        "requested": "[1.1.4, )",
        "resolved": "1.1.4",
        "contentHash": "EtoEx9Fx3ZGW//sni9TB1vuBvzXIlyG8E2KNaX7bqV240aiU8RP+NmDHd1ox0YKbJDMxq7AWSI2jPhpLMYXKyw==",
        "dependencies": {
          "Microsoft-WindowsAPICodePack-Core": "1.1.4"
        }
      },
      "Newtonsoft.Json": {
        "type": "Direct",
        "requested": "[13.0.2, )",
        "resolved": "13.0.2",
        "contentHash": "R2pZ3B0UjeyHShm9vG+Tu0EBb2lC8b0dFzV9gVn50ofHXh9Smjk6kTn7A/FdAsC8B5cKib1OnGYOXxRBz5XQDg=="
      },
      "regexfilesorter": {
        "type": "Project",
        "dependencies": {
          "Newtonsoft.Json": "[13.0.2, )"
        }
      }
    },
    "net6.0-windows7.0/win-x64": {},
    "net6.0-windows7.0/win-x86": {}
  }
}